// !$*UTF8*$!
{
	archiveVersion = 1;
	classes = {
	};
	objectVersion = 46;
	objects = {

/* Begin PBXBuildFile section */
		52026FD91B70010C00CA320C /* AppDelegate.swift in Sources */ = {isa = PBXBuildFile; fileRef = 52026FD81B70010C00CA320C /* AppDelegate.swift */; };
		52026FDB1B70010C00CA320C /* ViewController.swift in Sources */ = {isa = PBXBuildFile; fileRef = 52026FDA1B70010C00CA320C /* ViewController.swift */; };
		52026FDE1B70010C00CA320C /* Main.storyboard in Resources */ = {isa = PBXBuildFile; fileRef = 52026FDC1B70010C00CA320C /* Main.storyboard */; };
		52026FE01B70010C00CA320C /* Images.xcassets in Resources */ = {isa = PBXBuildFile; fileRef = 52026FDF1B70010C00CA320C /* Images.xcassets */; };
		52026FE31B70010C00CA320C /* LaunchScreen.xib in Resources */ = {isa = PBXBuildFile; fileRef = 52026FE11B70010C00CA320C /* LaunchScreen.xib */; };
		52026FEF1B70010D00CA320C /* FunFactsTests.swift in Sources */ = {isa = PBXBuildFile; fileRef = 52026FEE1B70010D00CA320C /* FunFactsTests.swift */; };
		5213A1021B7103C500992F4B /* FactBook.swift in Sources */ = {isa = PBXBuildFile; fileRef = 5213A1011B7103C500992F4B /* FactBook.swift */; };
		52506A941B71543800E1FD88 /* ColorWheel.swift in Sources */ = {isa = PBXBuildFile; fileRef = 52506A931B71543800E1FD88 /* ColorWheel.swift */; };
/* End PBXBuildFile section */

/* Begin PBXContainerItemProxy section */
		52026FE91B70010D00CA320C /* PBXContainerItemProxy */ = {
			isa = PBXContainerItemProxy;
			containerPortal = 52026FCB1B70010C00CA320C /* Project object */;
			proxyType = 1;
			remoteGlobalIDString = 52026FD21B70010C00CA320C;
			remoteInfo = FunFacts;
		};
/* End PBXContainerItemProxy section */

/* Begin PBXFileReference section */
		52026FD31B70010C00CA320C /* FunFacts.app */ = {isa = PBXFileReference; explicitFileType = wrapper.application; includeInIndex = 0; path = FunFacts.app; sourceTree = BUILT_PRODUCTS_DIR; };
		52026FD71B70010C00CA320C /* Info.plist */ = {isa = PBXFileReference; lastKnownFileType = text.plist.xml; path = Info.plist; sourceTree = "<group>"; };
		52026FD81B70010C00CA320C /* AppDelegate.swift */ = {isa = PBXFileReference; lastKnownFileType = sourcecode.swift; path = AppDelegate.swift; sourceTree = "<group>"; };
		52026FDA1B70010C00CA320C /* ViewController.swift */ = {isa = PBXFileReference; lastKnownFileType = sourcecode.swift; path = ViewController.swift; sourceTree = "<group>"; };
		52026FDD1B70010C00CA320C /* Base */ = {isa = PBXFileReference; lastKnownFileType = file.storyboard; name = Base; path = Base.lproj/Main.storyboard; sourceTree = "<group>"; };
		52026FDF1B70010C00CA320C /* Images.xcassets */ = {isa = PBXFileReference; lastKnownFileType = folder.assetcatalog; path = Images.xcassets; sourceTree = "<group>"; };
		52026FE21B70010C00CA320C /* Base */ = {isa = PBXFileReference; lastKnownFileType = file.xib; name = Base; path = Base.lproj/LaunchScreen.xib; sourceTree = "<group>"; };
		52026FE81B70010D00CA320C /* FunFactsTests.xctest */ = {isa = PBXFileReference; explicitFileType = wrapper.cfbundle; includeInIndex = 0; path = FunFactsTests.xctest; sourceTree = BUILT_PRODUCTS_DIR; };
		52026FED1B70010D00CA320C /* Info.plist */ = {isa = PBXFileReference; lastKnownFileType = text.plist.xml; path = Info.plist; sourceTree = "<group>"; };
		52026FEE1B70010D00CA320C /* FunFactsTests.swift */ = {isa = PBXFileReference; lastKnownFileType = sourcecode.swift; path = FunFactsTests.swift; sourceTree = "<group>"; };
		5213A1011B7103C500992F4B /* FactBook.swift */ = {isa = PBXFileReference; fileEncoding = 4; lastKnownFileType = sourcecode.swift; path = FactBook.swift; sourceTree = "<group>"; };
		52506A931B71543800E1FD88 /* ColorWheel.swift */ = {isa = PBXFileReference; fileEncoding = 4; lastKnownFileType = sourcecode.swift; path = ColorWheel.swift; sourceTree = "<group>"; };
/* End PBXFileReference section */

/* Begin PBXFrameworksBuildPhase section */
		52026FD01B70010C00CA320C /* Frameworks */ = {
			isa = PBXFrameworksBuildPhase;
			buildActionMask = 2147483647;
			files = (
			);
			runOnlyForDeploymentPostprocessing = 0;
		};
		52026FE51B70010D00CA320C /* Frameworks */ = {
			isa = PBXFrameworksBuildPhase;
			buildActionMask = 2147483647;
			files = (
			);
			runOnlyForDeploymentPostprocessing = 0;
		};
/* End PBXFrameworksBuildPhase section */

/* Begin PBXGroup section */
		52026FCA1B70010C00CA320C = {
			isa = PBXGroup;
			children = (
				52026FD51B70010C00CA320C /* FunFacts */,
				52026FEB1B70010D00CA320C /* FunFactsTests */,
				52026FD41B70010C00CA320C /* Products */,
			);
			sourceTree = "<group>";
		};
		52026FD41B70010C00CA320C /* Products */ = {
			isa = PBXGroup;
			children = (
				52026FD31B70010C00CA320C /* FunFacts.app */,
				52026FE81B70010D00CA320C /* FunFactsTests.xctest */,
			);
			name = Products;
			sourceTree = "<group>";
		};
		52026FD51B70010C00CA320C /* FunFacts */ = {
			isa = PBXGroup;
			children = (
				52506A931B71543800E1FD88 /* ColorWheel.swift */,
				5213A1011B7103C500992F4B /* FactBook.swift */,
				52026FD81B70010C00CA320C /* AppDelegate.swift */,
				52026FDA1B70010C00CA320C /* ViewController.swift */,
				52026FDC1B70010C00CA320C /* Main.storyboard */,
				52026FDF1B70010C00CA320C /* Images.xcassets */,
				52026FE11B70010C00CA320C /* LaunchScreen.xib */,
				52026FD61B70010C00CA320C /* Supporting Files */,
			);
			path = FunFacts;
			sourceTree = "<group>";
		};
		52026FD61B70010C00CA320C /* Supporting Files */ = {
			isa = PBXGroup;
			children = (
				52026FD71B70010C00CA320C /* Info.plist */,
			);
			name = "Supporting Files";
			sourceTree = "<group>";
		};
		52026FEB1B70010D00CA320C /* FunFactsTests */ = {
			isa = PBXGroup;
			children = (
				52026FEE1B70010D00CA320C /* FunFactsTests.swift */,
				52026FEC1B70010D00CA320C /* Supporting Files */,
			);
			path = FunFactsTests;
			sourceTree = "<group>";
		};
		52026FEC1B70010D00CA320C /* Supporting Files */ = {
			isa = PBXGroup;
			children = (
				52026FED1B70010D00CA320C /* Info.plist */,
			);
			name = "Supporting Files";
			sourceTree = "<group>";
		};
/* End PBXGroup section */

/* Begin PBXNativeTarget section */
		52026FD21B70010C00CA320C /* FunFacts */ = {
			isa = PBXNativeTarget;
			buildConfigurationList = 52026FF21B70010D00CA320C /* Build configuration list for PBXNativeTarget "FunFacts" */;
			buildPhases = (
				52026FCF1B70010C00CA320C /* Sources */,
				52026FD01B70010C00CA320C /* Frameworks */,
				52026FD11B70010C00CA320C /* Resources */,
			);
			buildRules = (
			);
			dependencies = (
			);
			name = FunFacts;
			productName = FunFacts;
			productReference = 52026FD31B70010C00CA320C /* FunFacts.app */;
			productType = "com.apple.product-type.application";
		};
		52026FE71B70010D00CA320C /* FunFactsTests */ = {
			isa = PBXNativeTarget;
			buildConfigurationList = 52026FF51B70010D00CA320C /* Build configuration list for PBXNativeTarget "FunFactsTests" */;
			buildPhases = (
				52026FE41B70010D00CA320C /* Sources */,
				52026FE51B70010D00CA320C /* Frameworks */,
				52026FE61B70010D00CA320C /* Resources */,
			);
			buildRules = (
			);
			dependencies = (
				52026FEA1B70010D00CA320C /* PBXTargetDependency */,
			);
			name = FunFactsTests;
			productName = FunFactsTests;
			productReference = 52026FE81B70010D00CA320C /* FunFactsTests.xctest */;
			productType = "com.apple.product-type.bundle.unit-test";
		};
/* End PBXNativeTarget section */

/* Begin PBXProject section */
		52026FCB1B70010C00CA320C /* Project object */ = {
			isa = PBXProject;
			attributes = {
				LastSwiftMigration = 0710;
				LastSwiftUpdateCheck = 0710;
				LastUpgradeCheck = 0640;
				ORGANIZATIONNAME = Volt;
				TargetAttributes = {
					52026FD21B70010C00CA320C = {
						CreatedOnToolsVersion = 6.4;
					};
					52026FE71B70010D00CA320C = {
						CreatedOnToolsVersion = 6.4;
						TestTargetID = 52026FD21B70010C00CA320C;
					};
				};
			};
			buildConfigurationList = 52026FCE1B70010C00CA320C /* Build configuration list for PBXProject "FunFacts" */;
			compatibilityVersion = "Xcode 3.2";
			developmentRegion = English;
			hasScannedForEncodings = 0;
			knownRegions = (
				en,
				Base,
			);
			mainGroup = 52026FCA1B70010C00CA320C;
			productRefGroup = 52026FD41B70010C00CA320C /* Products */;
			projectDirPath = "";
			projectRoot = "";
			targets = (
				52026FD21B70010C00CA320C /* FunFacts */,
				52026FE71B70010D00CA320C /* FunFactsTests */,
			);
		};
/* End PBXProject section */

/* Begin PBXResourcesBuildPhase section */
		52026FD11B70010C00CA320C /* Resources */ = {
			isa = PBXResourcesBuildPhase;
			buildActionMask = 2147483647;
			files = (
				52026FDE1B70010C00CA320C /* Main.storyboard in Resources */,
				52026FE31B70010C00CA320C /* LaunchScreen.xib in Resources */,
				52026FE01B70010C00CA320C /* Images.xcassets in Resources */,
			);
			runOnlyForDeploymentPostprocessing = 0;
		};
		52026FE61B70010D00CA320C /* Resources */ = {
			isa = PBXResourcesBuildPhase;
			buildActionMask = 2147483647;
			files = (
			);
			runOnlyForDeploymentPostprocessing = 0;
		};
/* End PBXResourcesBuildPhase section */

/* Begin PBXSourcesBuildPhase section */
		52026FCF1B70010C00CA320C /* Sources */ = {
			isa = PBXSourcesBuildPhase;
			buildActionMask = 2147483647;
			files = (
				5213A1021B7103C500992F4B /* FactBook.swift in Sources */,
				52026FDB1B70010C00CA320C /* ViewController.swift in Sources */,
				52026FD91B70010C00CA320C /* AppDelegate.swift in Sources */,
				52506A941B71543800E1FD88 /* ColorWheel.swift in Sources */,
			);
			runOnlyForDeploymentPostprocessing = 0;
		};
		52026FE41B70010D00CA320C /* Sources */ = {
			isa = PBXSourcesBuildPhase;
			buildActionMask = 2147483647;
			files = (
				52026FEF1B70010D00CA320C /* FunFactsTests.swift in Sources */,
			);
			runOnlyForDeploymentPostprocessing = 0;
		};
/* End PBXSourcesBuildPhase section */

/* Begin PBXTargetDependency section */
		52026FEA1B70010D00CA320C /* PBXTargetDependency */ = {
			isa = PBXTargetDependency;
			target = 52026FD21B70010C00CA320C /* FunFacts */;
			targetProxy = 52026FE91B70010D00CA320C /* PBXContainerItemProxy */;
		};
/* End PBXTargetDependency section */

/* Begin PBXVariantGroup section */
		52026FDC1B70010C00CA320C /* Main.storyboard */ = {
			isa = PBXVariantGroup;
			children = (
				52026FDD1B70010C00CA320C /* Base */,
			);
			name = Main.storyboard;
			sourceTree = "<group>";
		};
		52026FE11B70010C00CA320C /* LaunchScreen.xib */ = {
			isa = PBXVariantGroup;
			children = (
				52026FE21B70010C00CA320C /* Base */,
			);
			name = LaunchScreen.xib;
			sourceTree = "<group>";
		};
/* End PBXVariantGroup section */

/* Begin XCBuildConfiguration section */
		52026FF01B70010D00CA320C /* Debug */ = {
			isa = XCBuildConfiguration;
			buildSettings = {
				ALWAYS_SEARCH_USER_PATHS = NO;
				CLANG_CXX_LANGUAGE_STANDARD = "gnu++0x";
				CLANG_CXX_LIBRARY = "libc++";
				CLANG_ENABLE_MODULES = YES;
				CLANG_ENABLE_OBJC_ARC = YES;
				CLANG_WARN_BOOL_CONVERSION = YES;
				CLANG_WARN_CONSTANT_CONVERSION = YES;
				CLANG_WARN_DIRECT_OBJC_ISA_USAGE = YES_ERROR;
				CLANG_WARN_EMPTY_BODY = YES;
				CLANG_WARN_ENUM_CONVERSION = YES;
				CLANG_WARN_INT_CONVERSION = YES;
				CLANG_WARN_OBJC_ROOT_CLASS = YES_ERROR;
				CLANG_WARN_UNREACHABLE_CODE = YES;
				CLANG_WARN__DUPLICATE_METHOD_MATCH = YES;
				"CODE_SIGN_IDENTITY[sdk=iphoneos*]" = "iPhone Developer";
				COPY_PHASE_STRIP = NO;
				DEBUG_INFORMATION_FORMAT = "dwarf-with-dsym";
				ENABLE_STRICT_OBJC_MSGSEND = YES;
				GCC_C_LANGUAGE_STANDARD = gnu99;
				GCC_DYNAMIC_NO_PIC = NO;
				GCC_NO_COMMON_BLOCKS = YES;
				GCC_OPTIMIZATION_LEVEL = 0;
				GCC_PREPROCESSOR_DEFINITIONS = (
					"DEBUG=1",
					"$(inherited)",
				);
				GCC_SYMBOLS_PRIVATE_EXTERN = NO;
				GCC_WARN_64_TO_32_BIT_CONVERSION = YES;
				GCC_WARN_ABOUT_RETURN_TYPE = YES_ERROR;
				GCC_WARN_UNDECLARED_SELECTOR = YES;
				GCC_WARN_UNINITIALIZED_AUTOS = YES_AGGRESSIVE;
				GCC_WARN_UNUSED_FUNCTION = YES;
				GCC_WARN_UNUSED_VARIABLE = YES;
				IPHONEOS_DEPLOYMENT_TARGET = 8.4;
				MTL_ENABLE_DEBUG_INFO = YES;
				ONLY_ACTIVE_ARCH = YES;
				SDKROOT = iphoneos;
				SWIFT_OPTIMIZATION_LEVEL = "-Onone";
			};
			name = Debug;
		};
		52026FF11B70010D00CA320C /* Release */ = {
			isa = XCBuildConfiguration;
			buildSettings = {
				ALWAYS_SEARCH_USER_PATHS = NO;
				CLANG_CXX_LANGUAGE_STANDARD = "gnu++0x";
				CLANG_CXX_LIBRARY = "libc++";
				CLANG_ENABLE_MODULES = YES;
				CLANG_ENABLE_OBJC_ARC = YES;
				CLANG_WARN_BOOL_CONVERSION = YES;
				CLANG_WARN_CONSTANT_CONVERSION = YES;
				CLANG_WARN_DIRECT_OBJC_ISA_USAGE = YES_ERROR;
				CLANG_WARN_EMPTY_BODY = YES;
				CLANG_WARN_ENUM_CONVERSION = YES;
				CLANG_WARN_INT_CONVERSION = YES;
				CLANG_WARN_OBJC_ROOT_CLASS = YES_ERROR;
				CLANG_WARN_UNREACHABLE_CODE = YES;
				CLANG_WARN__DUPLICATE_METHOD_MATCH = YES;
				"CODE_SIGN_IDENTITY[sdk=iphoneos*]" = "iPhone Developer";
				COPY_PHASE_STRIP = NO;
				DEBUG_INFORMATION_FORMAT = "dwarf-with-dsym";
				ENABLE_NS_ASSERTIONS = NO;
				ENABLE_STRICT_OBJC_MSGSEND = YES;
				GCC_C_LANGUAGE_STANDARD = gnu99;
				GCC_NO_COMMON_BLOCKS = YES;
				GCC_WARN_64_TO_32_BIT_CONVERSION = YES;
				GCC_WARN_ABOUT_RETURN_TYPE = YES_ERROR;
				GCC_WARN_UNDECLARED_SELECTOR = YES;
				GCC_WARN_UNINITIALIZED_AUTOS = YES_AGGRESSIVE;
				GCC_WARN_UNUSED_FUNCTION = YES;
				GCC_WARN_UNUSED_VARIABLE = YES;
				IPHONEOS_DEPLOYMENT_TARGET = 8.4;
				MTL_ENABLE_DEBUG_INFO = NO;
				SDKROOT = iphoneos;
				VALIDATE_PRODUCT = YES;
			};
			name = Release;
		};
		52026FF31B70010D00CA320C /* Debug */ = {
			isa = XCBuildConfiguration;
			buildSettings = {
				ASSETCATALOG_COMPILER_APPICON_NAME = AppIcon;
				INFOPLIST_FILE = FunFacts/Info.plist;
				LD_RUNPATH_SEARCH_PATHS = "$(inherited) @executable_path/Frameworks";
				PRODUCT_NAME = "$(TARGET_NAME)";
			};
			name = Debug;
		};
		52026FF41B70010D00CA320C /* Release */ = {
			isa = XCBuildConfiguration;
			buildSettings = {
				ASSETCATALOG_COMPILER_APPICON_NAME = AppIcon;
				INFOPLIST_FILE = FunFacts/Info.plist;
				LD_RUNPATH_SEARCH_PATHS = "$(inherited) @executable_path/Frameworks";
				PRODUCT_NAME = "$(TARGET_NAME)";
			};
			name = Release;
		};
		52026FF61B70010D00CA320C /* Debug */ = {
			isa = XCBuildConfiguration;
			buildSettings = {
				BUNDLE_LOADER = "$(TEST_HOST)";
				FRAMEWORK_SEARCH_PATHS = (
					"$(SDKROOT)/Developer/Library/Frameworks",
					"$(inherited)",
				);
				GCC_PREPROCESSOR_DEFINITIONS = (
					"DEBUG=1",
					"$(inherited)",
				);
				INFOPLIST_FILE = FunFactsTests/Info.plist;
				LD_RUNPATH_SEARCH_PATHS = "$(inherited) @executable_path/Frameworks @loader_path/Frameworks";
				PRODUCT_NAME = "$(TARGET_NAME)";
				TEST_HOST = "$(BUILT_PRODUCTS_DIR)/FunFacts.app/FunFacts";
			};
			name = Debug;
		};
		52026FF71B70010D00CA320C /* Release */ = {
			isa = XCBuildConfiguration;
			buildSettings = {
				BUNDLE_LOADER = "$(TEST_HOST)";
				FRAMEWORK_SEARCH_PATHS = (
					"$(SDKROOT)/Developer/Library/Frameworks",
					"$(inherited)",
				);
				INFOPLIST_FILE = FunFactsTests/Info.plist;
				LD_RUNPATH_SEARCH_PATHS = "$(inherited) @executable_path/Frameworks @loader_path/Frameworks";
				PRODUCT_NAME = "$(TARGET_NAME)";
				TEST_HOST = "$(BUILT_PRODUCTS_DIR)/FunFacts.app/FunFacts";
			};
			name = Release;
		};
/* End XCBuildConfiguration section */

/* Begin XCConfigurationList section */
		52026FCE1B70010C00CA320C /* Build configuration list for PBXProject "FunFacts" */ = {
			isa = XCConfigurationList;
			buildConfigurations = (
				52026FF01B70010D00CA320C /* Debug */,
				52026FF11B70010D00CA320C /* Release */,
			);
			defaultConfigurationIsVisible = 0;
			defaultConfigurationName = Release;
		};
		52026FF21B70010D00CA320C /* Build configuration list for PBXNativeTarget "FunFacts" */ = {
			isa = XCConfigurationList;
			buildConfigurations = (
				52026FF31B70010D00CA320C /* Debug */,
				52026FF41B70010D00CA320C /* Release */,
			);
			defaultConfigurationIsVisible = 0;
			defaultConfigurationName = Release;
		};
		52026FF51B70010D00CA320C /* Build configuration list for PBXNativeTarget "FunFactsTests" */ = {
			isa = XCConfigurationList;
			buildConfigurations = (
				52026FF61B70010D00CA320C /* Debug */,
				52026FF71B70010D00CA320C /* Release */,
			);
			defaultConfigurationIsVisible = 0;
			defaultConfigurationName = Release;
		};
/* End XCConfigurationList section */
	};
	rootObject = 52026FCB1B70010C00CA320C /* Project object */;
}
