// !$*UTF8*$!
{
	archiveVersion = 1;
	classes = {
	};
	objectVersion = 46;
	objects = {

/* Begin PBXBuildFile section */
		520407481C149FB30054B328 /* ChargingStationViewController.swift in Sources */ = {isa = PBXBuildFile; fileRef = 520407471C149FB30054B328 /* ChargingStationViewController.swift */; };
		5204074A1C14A58C0054B328 /* GasStationViewController.swift in Sources */ = {isa = PBXBuildFile; fileRef = 520407491C14A58C0054B328 /* GasStationViewController.swift */; };
		5208A7A31BE7F81500CB4437 /* AppDelegate.swift in Sources */ = {isa = PBXBuildFile; fileRef = 5208A7A21BE7F81500CB4437 /* AppDelegate.swift */; };
		5208A7A51BE7F81500CB4437 /* ViewController.swift in Sources */ = {isa = PBXBuildFile; fileRef = 5208A7A41BE7F81500CB4437 /* ViewController.swift */; };
		5208A7A81BE7F81500CB4437 /* Main.storyboard in Resources */ = {isa = PBXBuildFile; fileRef = 5208A7A61BE7F81500CB4437 /* Main.storyboard */; };
		5208A7AA1BE7F81500CB4437 /* Assets.xcassets in Resources */ = {isa = PBXBuildFile; fileRef = 5208A7A91BE7F81500CB4437 /* Assets.xcassets */; };
		5208A7AD1BE7F81500CB4437 /* LaunchScreen.storyboard in Resources */ = {isa = PBXBuildFile; fileRef = 5208A7AB1BE7F81500CB4437 /* LaunchScreen.storyboard */; };
		5208A7B81BE7F81600CB4437 /* VoltageTests.swift in Sources */ = {isa = PBXBuildFile; fileRef = 5208A7B71BE7F81600CB4437 /* VoltageTests.swift */; };
		5208A7C31BE7F81600CB4437 /* VoltageUITests.swift in Sources */ = {isa = PBXBuildFile; fileRef = 5208A7C21BE7F81600CB4437 /* VoltageUITests.swift */; };
		521C0ABF1C1C59B20067252A /* CertifiedMechanicViewController.swift in Sources */ = {isa = PBXBuildFile; fileRef = 521C0ABE1C1C59B20067252A /* CertifiedMechanicViewController.swift */; };
		522FEFF71C107BB9000E5279 /* MapViewContoller.swift in Sources */ = {isa = PBXBuildFile; fileRef = 522FEFF61C107BB9000E5279 /* MapViewContoller.swift */; };
		7E1E79F31C13595A007BDC39 /* WebViewController.swift in Sources */ = {isa = PBXBuildFile; fileRef = 7E1E79F21C13595A007BDC39 /* WebViewController.swift */; };
		7E47FF601C0BDFB600DFC1C8 /* MainMenuViewController.swift in Sources */ = {isa = PBXBuildFile; fileRef = 7E47FF5F1C0BDFB600DFC1C8 /* MainMenuViewController.swift */; };
		7E6315001C07B96900D8EE88 /* CarInfoViewController.swift in Sources */ = {isa = PBXBuildFile; fileRef = 7E6314FF1C07B96900D8EE88 /* CarInfoViewController.swift */; };
		7E982BF91C135CE60033FFB0 /* SettingsTableViewController.swift in Sources */ = {isa = PBXBuildFile; fileRef = 7E982BF81C135CE60033FFB0 /* SettingsTableViewController.swift */; };
		7E982BFD1C1373040033FFB0 /* CoreLocation.framework in Frameworks */ = {isa = PBXBuildFile; fileRef = 7E982BFC1C1373040033FFB0 /* CoreLocation.framework */; };
		E4A34D1E1C0E809200DCC197 /* FactbookEV.swift in Sources */ = {isa = PBXBuildFile; fileRef = E4A34D1D1C0E809200DCC197 /* FactbookEV.swift */; };
/* End PBXBuildFile section */

/* Begin PBXContainerItemProxy section */
		5208A7B41BE7F81600CB4437 /* PBXContainerItemProxy */ = {
			isa = PBXContainerItemProxy;
			containerPortal = 5208A7971BE7F81500CB4437 /* Project object */;
			proxyType = 1;
			remoteGlobalIDString = 5208A79E1BE7F81500CB4437;
			remoteInfo = Voltage;
		};
		5208A7BF1BE7F81600CB4437 /* PBXContainerItemProxy */ = {
			isa = PBXContainerItemProxy;
			containerPortal = 5208A7971BE7F81500CB4437 /* Project object */;
			proxyType = 1;
			remoteGlobalIDString = 5208A79E1BE7F81500CB4437;
			remoteInfo = Voltage;
		};
/* End PBXContainerItemProxy section */

/* Begin PBXFileReference section */
		520407471C149FB30054B328 /* ChargingStationViewController.swift */ = {isa = PBXFileReference; fileEncoding = 4; lastKnownFileType = sourcecode.swift; path = ChargingStationViewController.swift; sourceTree = "<group>"; };
		520407491C14A58C0054B328 /* GasStationViewController.swift */ = {isa = PBXFileReference; fileEncoding = 4; lastKnownFileType = sourcecode.swift; path = GasStationViewController.swift; sourceTree = "<group>"; };
		5208A79F1BE7F81500CB4437 /* Voltage.app */ = {isa = PBXFileReference; explicitFileType = wrapper.application; includeInIndex = 0; path = Voltage.app; sourceTree = BUILT_PRODUCTS_DIR; };
		5208A7A21BE7F81500CB4437 /* AppDelegate.swift */ = {isa = PBXFileReference; lastKnownFileType = sourcecode.swift; path = AppDelegate.swift; sourceTree = "<group>"; };
		5208A7A41BE7F81500CB4437 /* ViewController.swift */ = {isa = PBXFileReference; lastKnownFileType = sourcecode.swift; path = ViewController.swift; sourceTree = "<group>"; };
		5208A7A71BE7F81500CB4437 /* Base */ = {isa = PBXFileReference; lastKnownFileType = file.storyboard; name = Base; path = Base.lproj/Main.storyboard; sourceTree = "<group>"; };
		5208A7A91BE7F81500CB4437 /* Assets.xcassets */ = {isa = PBXFileReference; lastKnownFileType = folder.assetcatalog; path = Assets.xcassets; sourceTree = "<group>"; };
		5208A7AC1BE7F81500CB4437 /* Base */ = {isa = PBXFileReference; lastKnownFileType = file.storyboard; name = Base; path = Base.lproj/LaunchScreen.storyboard; sourceTree = "<group>"; };
		5208A7AE1BE7F81500CB4437 /* Info.plist */ = {isa = PBXFileReference; lastKnownFileType = text.plist.xml; path = Info.plist; sourceTree = "<group>"; };
		5208A7B31BE7F81600CB4437 /* VoltageTests.xctest */ = {isa = PBXFileReference; explicitFileType = wrapper.cfbundle; includeInIndex = 0; path = VoltageTests.xctest; sourceTree = BUILT_PRODUCTS_DIR; };
		5208A7B71BE7F81600CB4437 /* VoltageTests.swift */ = {isa = PBXFileReference; lastKnownFileType = sourcecode.swift; path = VoltageTests.swift; sourceTree = "<group>"; };
		5208A7B91BE7F81600CB4437 /* Info.plist */ = {isa = PBXFileReference; lastKnownFileType = text.plist.xml; path = Info.plist; sourceTree = "<group>"; };
		5208A7BE1BE7F81600CB4437 /* VoltageUITests.xctest */ = {isa = PBXFileReference; explicitFileType = wrapper.cfbundle; includeInIndex = 0; path = VoltageUITests.xctest; sourceTree = BUILT_PRODUCTS_DIR; };
		5208A7C21BE7F81600CB4437 /* VoltageUITests.swift */ = {isa = PBXFileReference; lastKnownFileType = sourcecode.swift; path = VoltageUITests.swift; sourceTree = "<group>"; };
		5208A7C41BE7F81600CB4437 /* Info.plist */ = {isa = PBXFileReference; lastKnownFileType = text.plist.xml; path = Info.plist; sourceTree = "<group>"; };
		521C0ABE1C1C59B20067252A /* CertifiedMechanicViewController.swift */ = {isa = PBXFileReference; fileEncoding = 4; lastKnownFileType = sourcecode.swift; name = CertifiedMechanicViewController.swift; path = ../CertifiedMechanicViewController.swift; sourceTree = "<group>"; };
		522FEFF61C107BB9000E5279 /* MapViewContoller.swift */ = {isa = PBXFileReference; fileEncoding = 4; lastKnownFileType = sourcecode.swift; path = MapViewContoller.swift; sourceTree = "<group>"; };
		7E1E79F21C13595A007BDC39 /* WebViewController.swift */ = {isa = PBXFileReference; fileEncoding = 4; lastKnownFileType = sourcecode.swift; path = WebViewController.swift; sourceTree = "<group>"; };
		7E47FF5F1C0BDFB600DFC1C8 /* MainMenuViewController.swift */ = {isa = PBXFileReference; fileEncoding = 4; lastKnownFileType = sourcecode.swift; path = MainMenuViewController.swift; sourceTree = "<group>"; };
		7E6314FF1C07B96900D8EE88 /* CarInfoViewController.swift */ = {isa = PBXFileReference; fileEncoding = 4; lastKnownFileType = sourcecode.swift; path = CarInfoViewController.swift; sourceTree = "<group>"; };
		7E982BF81C135CE60033FFB0 /* SettingsTableViewController.swift */ = {isa = PBXFileReference; fileEncoding = 4; lastKnownFileType = sourcecode.swift; path = SettingsTableViewController.swift; sourceTree = "<group>"; };
		7E982BFC1C1373040033FFB0 /* CoreLocation.framework */ = {isa = PBXFileReference; lastKnownFileType = wrapper.framework; name = CoreLocation.framework; path = System/Library/Frameworks/CoreLocation.framework; sourceTree = SDKROOT; };
		E4A34D1D1C0E809200DCC197 /* FactbookEV.swift */ = {isa = PBXFileReference; fileEncoding = 4; lastKnownFileType = sourcecode.swift; path = FactbookEV.swift; sourceTree = "<group>"; };
/* End PBXFileReference section */

/* Begin PBXFrameworksBuildPhase section */
		5208A79C1BE7F81500CB4437 /* Frameworks */ = {
			isa = PBXFrameworksBuildPhase;
			buildActionMask = 2147483647;
			files = (
				7E982BFD1C1373040033FFB0 /* CoreLocation.framework in Frameworks */,
			);
			runOnlyForDeploymentPostprocessing = 0;
		};
		5208A7B01BE7F81600CB4437 /* Frameworks */ = {
			isa = PBXFrameworksBuildPhase;
			buildActionMask = 2147483647;
			files = (
			);
			runOnlyForDeploymentPostprocessing = 0;
		};
		5208A7BB1BE7F81600CB4437 /* Frameworks */ = {
			isa = PBXFrameworksBuildPhase;
			buildActionMask = 2147483647;
			files = (
			);
			runOnlyForDeploymentPostprocessing = 0;
		};
/* End PBXFrameworksBuildPhase section */

/* Begin PBXGroup section */
		5208A7961BE7F81500CB4437 = {
			isa = PBXGroup;
			children = (
				7E982BFC1C1373040033FFB0 /* CoreLocation.framework */,
				5208A7A11BE7F81500CB4437 /* Voltage */,
				5208A7B61BE7F81600CB4437 /* VoltageTests */,
				5208A7C11BE7F81600CB4437 /* VoltageUITests */,
				5208A7A01BE7F81500CB4437 /* Products */,
			);
			sourceTree = "<group>";
		};
		5208A7A01BE7F81500CB4437 /* Products */ = {
			isa = PBXGroup;
			children = (
				5208A79F1BE7F81500CB4437 /* Voltage.app */,
				5208A7B31BE7F81600CB4437 /* VoltageTests.xctest */,
				5208A7BE1BE7F81600CB4437 /* VoltageUITests.xctest */,
			);
			name = Products;
			sourceTree = "<group>";
		};
		5208A7A11BE7F81500CB4437 /* Voltage */ = {
			isa = PBXGroup;
			children = (
				5208A7A21BE7F81500CB4437 /* AppDelegate.swift */,
				522FEFF61C107BB9000E5279 /* MapViewContoller.swift */,
				521C0ABE1C1C59B20067252A /* CertifiedMechanicViewController.swift */,
				520407491C14A58C0054B328 /* GasStationViewController.swift */,
				520407471C149FB30054B328 /* ChargingStationViewController.swift */,
				5208A7A41BE7F81500CB4437 /* ViewController.swift */,
				7E1E79F21C13595A007BDC39 /* WebViewController.swift */,
				7E982BF81C135CE60033FFB0 /* SettingsTableViewController.swift */,
				5208A7A61BE7F81500CB4437 /* Main.storyboard */,
				7E47FF5F1C0BDFB600DFC1C8 /* MainMenuViewController.swift */,
				E4A34D1D1C0E809200DCC197 /* FactbookEV.swift */,
				7E6314FF1C07B96900D8EE88 /* CarInfoViewController.swift */,
				5208A7A91BE7F81500CB4437 /* Assets.xcassets */,
				5208A7AB1BE7F81500CB4437 /* LaunchScreen.storyboard */,
				5208A7AE1BE7F81500CB4437 /* Info.plist */,
			);
			path = Voltage;
			sourceTree = "<group>";
		};
		5208A7B61BE7F81600CB4437 /* VoltageTests */ = {
			isa = PBXGroup;
			children = (
				5208A7B71BE7F81600CB4437 /* VoltageTests.swift */,
				5208A7B91BE7F81600CB4437 /* Info.plist */,
			);
			path = VoltageTests;
			sourceTree = "<group>";
		};
		5208A7C11BE7F81600CB4437 /* VoltageUITests */ = {
			isa = PBXGroup;
			children = (
				5208A7C21BE7F81600CB4437 /* VoltageUITests.swift */,
				5208A7C41BE7F81600CB4437 /* Info.plist */,
			);
			path = VoltageUITests;
			sourceTree = "<group>";
		};
/* End PBXGroup section */

/* Begin PBXNativeTarget section */
		5208A79E1BE7F81500CB4437 /* Voltage */ = {
			isa = PBXNativeTarget;
			buildConfigurationList = 5208A7C71BE7F81600CB4437 /* Build configuration list for PBXNativeTarget "Voltage" */;
			buildPhases = (
				5208A79B1BE7F81500CB4437 /* Sources */,
				5208A79C1BE7F81500CB4437 /* Frameworks */,
				5208A79D1BE7F81500CB4437 /* Resources */,
			);
			buildRules = (
			);
			dependencies = (
			);
			name = Voltage;
			productName = Voltage;
			productReference = 5208A79F1BE7F81500CB4437 /* Voltage.app */;
			productType = "com.apple.product-type.application";
		};
		5208A7B21BE7F81600CB4437 /* VoltageTests */ = {
			isa = PBXNativeTarget;
			buildConfigurationList = 5208A7CA1BE7F81600CB4437 /* Build configuration list for PBXNativeTarget "VoltageTests" */;
			buildPhases = (
				5208A7AF1BE7F81600CB4437 /* Sources */,
				5208A7B01BE7F81600CB4437 /* Frameworks */,
				5208A7B11BE7F81600CB4437 /* Resources */,
			);
			buildRules = (
			);
			dependencies = (
				5208A7B51BE7F81600CB4437 /* PBXTargetDependency */,
			);
			name = VoltageTests;
			productName = VoltageTests;
			productReference = 5208A7B31BE7F81600CB4437 /* VoltageTests.xctest */;
			productType = "com.apple.product-type.bundle.unit-test";
		};
		5208A7BD1BE7F81600CB4437 /* VoltageUITests */ = {
			isa = PBXNativeTarget;
			buildConfigurationList = 5208A7CD1BE7F81600CB4437 /* Build configuration list for PBXNativeTarget "VoltageUITests" */;
			buildPhases = (
				5208A7BA1BE7F81600CB4437 /* Sources */,
				5208A7BB1BE7F81600CB4437 /* Frameworks */,
				5208A7BC1BE7F81600CB4437 /* Resources */,
			);
			buildRules = (
			);
			dependencies = (
				5208A7C01BE7F81600CB4437 /* PBXTargetDependency */,
			);
			name = VoltageUITests;
			productName = VoltageUITests;
			productReference = 5208A7BE1BE7F81600CB4437 /* VoltageUITests.xctest */;
			productType = "com.apple.product-type.bundle.ui-testing";
		};
/* End PBXNativeTarget section */

/* Begin PBXProject section */
		5208A7971BE7F81500CB4437 /* Project object */ = {
			isa = PBXProject;
			attributes = {
				LastSwiftUpdateCheck = 0710;
				LastUpgradeCheck = 0710;
				ORGANIZATIONNAME = "EV-APP";
				TargetAttributes = {
					5208A79E1BE7F81500CB4437 = {
						CreatedOnToolsVersion = 7.1;
						DevelopmentTeam = 7C557GXHFL;
					};
					5208A7B21BE7F81600CB4437 = {
						CreatedOnToolsVersion = 7.1;
						DevelopmentTeam = 93234J3H2M;
						TestTargetID = 5208A79E1BE7F81500CB4437;
					};
					5208A7BD1BE7F81600CB4437 = {
						CreatedOnToolsVersion = 7.1;
						DevelopmentTeam = 93234J3H2M;
						TestTargetID = 5208A79E1BE7F81500CB4437;
					};
				};
			};
			buildConfigurationList = 5208A79A1BE7F81500CB4437 /* Build configuration list for PBXProject "Voltage" */;
			compatibilityVersion = "Xcode 3.2";
			developmentRegion = English;
			hasScannedForEncodings = 0;
			knownRegions = (
				en,
				Base,
			);
			mainGroup = 5208A7961BE7F81500CB4437;
			productRefGroup = 5208A7A01BE7F81500CB4437 /* Products */;
			projectDirPath = "";
			projectRoot = "";
			targets = (
				5208A79E1BE7F81500CB4437 /* Voltage */,
				5208A7B21BE7F81600CB4437 /* VoltageTests */,
				5208A7BD1BE7F81600CB4437 /* VoltageUITests */,
			);
		};
/* End PBXProject section */

/* Begin PBXResourcesBuildPhase section */
		5208A79D1BE7F81500CB4437 /* Resources */ = {
			isa = PBXResourcesBuildPhase;
			buildActionMask = 2147483647;
			files = (
				5208A7AD1BE7F81500CB4437 /* LaunchScreen.storyboard in Resources */,
				5208A7AA1BE7F81500CB4437 /* Assets.xcassets in Resources */,
				5208A7A81BE7F81500CB4437 /* Main.storyboard in Resources */,
			);
			runOnlyForDeploymentPostprocessing = 0;
		};
		5208A7B11BE7F81600CB4437 /* Resources */ = {
			isa = PBXResourcesBuildPhase;
			buildActionMask = 2147483647;
			files = (
			);
			runOnlyForDeploymentPostprocessing = 0;
		};
		5208A7BC1BE7F81600CB4437 /* Resources */ = {
			isa = PBXResourcesBuildPhase;
			buildActionMask = 2147483647;
			files = (
			);
			runOnlyForDeploymentPostprocessing = 0;
		};
/* End PBXResourcesBuildPhase section */

/* Begin PBXSourcesBuildPhase section */
		5208A79B1BE7F81500CB4437 /* Sources */ = {
			isa = PBXSourcesBuildPhase;
			buildActionMask = 2147483647;
			files = (
				522FEFF71C107BB9000E5279 /* MapViewContoller.swift in Sources */,
				7E1E79F31C13595A007BDC39 /* WebViewController.swift in Sources */,
				5208A7A51BE7F81500CB4437 /* ViewController.swift in Sources */,
				E4A34D1E1C0E809200DCC197 /* FactbookEV.swift in Sources */,
				520407481C149FB30054B328 /* ChargingStationViewController.swift in Sources */,
				521C0ABF1C1C59B20067252A /* CertifiedMechanicViewController.swift in Sources */,
				5204074A1C14A58C0054B328 /* GasStationViewController.swift in Sources */,
				7E47FF601C0BDFB600DFC1C8 /* MainMenuViewController.swift in Sources */,
				5208A7A31BE7F81500CB4437 /* AppDelegate.swift in Sources */,
				7E6315001C07B96900D8EE88 /* CarInfoViewController.swift in Sources */,
				7E982BF91C135CE60033FFB0 /* SettingsTableViewController.swift in Sources */,
			);
			runOnlyForDeploymentPostprocessing = 0;
		};
		5208A7AF1BE7F81600CB4437 /* Sources */ = {
			isa = PBXSourcesBuildPhase;
			buildActionMask = 2147483647;
			files = (
				5208A7B81BE7F81600CB4437 /* VoltageTests.swift in Sources */,
			);
			runOnlyForDeploymentPostprocessing = 0;
		};
		5208A7BA1BE7F81600CB4437 /* Sources */ = {
			isa = PBXSourcesBuildPhase;
			buildActionMask = 2147483647;
			files = (
				5208A7C31BE7F81600CB4437 /* VoltageUITests.swift in Sources */,
			);
			runOnlyForDeploymentPostprocessing = 0;
		};
/* End PBXSourcesBuildPhase section */

/* Begin PBXTargetDependency section */
		5208A7B51BE7F81600CB4437 /* PBXTargetDependency */ = {
			isa = PBXTargetDependency;
			target = 5208A79E1BE7F81500CB4437 /* Voltage */;
			targetProxy = 5208A7B41BE7F81600CB4437 /* PBXContainerItemProxy */;
		};
		5208A7C01BE7F81600CB4437 /* PBXTargetDependency */ = {
			isa = PBXTargetDependency;
			target = 5208A79E1BE7F81500CB4437 /* Voltage */;
			targetProxy = 5208A7BF1BE7F81600CB4437 /* PBXContainerItemProxy */;
		};
/* End PBXTargetDependency section */

/* Begin PBXVariantGroup section */
		5208A7A61BE7F81500CB4437 /* Main.storyboard */ = {
			isa = PBXVariantGroup;
			children = (
				5208A7A71BE7F81500CB4437 /* Base */,
			);
			name = Main.storyboard;
			sourceTree = "<group>";
		};
		5208A7AB1BE7F81500CB4437 /* LaunchScreen.storyboard */ = {
			isa = PBXVariantGroup;
			children = (
				5208A7AC1BE7F81500CB4437 /* Base */,
			);
			name = LaunchScreen.storyboard;
			sourceTree = "<group>";
		};
/* End PBXVariantGroup section */

/* Begin XCBuildConfiguration section */
		5208A7C51BE7F81600CB4437 /* Debug */ = {
			isa = XCBuildConfiguration;
			buildSettings = {
				ALWAYS_SEARCH_USER_PATHS = NO;
				CLANG_CXX_LANGUAGE_STANDARD = "gnu++0x";
				CLANG_CXX_LIBRARY = "libc++";
				CLANG_ENABLE_MODULES = YES;
				CLANG_ENABLE_OBJC_ARC = YES;
				CLANG_WARN_BOOL_CONVERSION = YES;
				CLANG_WARN_CONSTANT_CONVERSION = YES;
				CLANG_WARN_DIRECT_OBJC_ISA_USAGE = YES_ERROR;
				CLANG_WARN_EMPTY_BODY = YES;
				CLANG_WARN_ENUM_CONVERSION = YES;
				CLANG_WARN_INT_CONVERSION = YES;
				CLANG_WARN_OBJC_ROOT_CLASS = YES_ERROR;
				CLANG_WARN_UNREACHABLE_CODE = YES;
				CLANG_WARN__DUPLICATE_METHOD_MATCH = YES;
				"CODE_SIGN_IDENTITY[sdk=iphoneos*]" = "iPhone Developer";
				COPY_PHASE_STRIP = NO;
				DEBUG_INFORMATION_FORMAT = dwarf;
				ENABLE_STRICT_OBJC_MSGSEND = YES;
				ENABLE_TESTABILITY = YES;
				GCC_C_LANGUAGE_STANDARD = gnu99;
				GCC_DYNAMIC_NO_PIC = NO;
				GCC_NO_COMMON_BLOCKS = YES;
				GCC_OPTIMIZATION_LEVEL = 0;
				GCC_PREPROCESSOR_DEFINITIONS = (
					"DEBUG=1",
					"$(inherited)",
				);
				GCC_WARN_64_TO_32_BIT_CONVERSION = YES;
				GCC_WARN_ABOUT_RETURN_TYPE = YES_ERROR;
				GCC_WARN_UNDECLARED_SELECTOR = YES;
				GCC_WARN_UNINITIALIZED_AUTOS = YES_AGGRESSIVE;
				GCC_WARN_UNUSED_FUNCTION = YES;
				GCC_WARN_UNUSED_VARIABLE = YES;
				IPHONEOS_DEPLOYMENT_TARGET = 9.1;
				MTL_ENABLE_DEBUG_INFO = YES;
				ONLY_ACTIVE_ARCH = YES;
				SDKROOT = iphoneos;
				SWIFT_OPTIMIZATION_LEVEL = "-Onone";
			};
			name = Debug;
		};
		5208A7C61BE7F81600CB4437 /* Release */ = {
			isa = XCBuildConfiguration;
			buildSettings = {
				ALWAYS_SEARCH_USER_PATHS = NO;
				CLANG_CXX_LANGUAGE_STANDARD = "gnu++0x";
				CLANG_CXX_LIBRARY = "libc++";
				CLANG_ENABLE_MODULES = YES;
				CLANG_ENABLE_OBJC_ARC = YES;
				CLANG_WARN_BOOL_CONVERSION = YES;
				CLANG_WARN_CONSTANT_CONVERSION = YES;
				CLANG_WARN_DIRECT_OBJC_ISA_USAGE = YES_ERROR;
				CLANG_WARN_EMPTY_BODY = YES;
				CLANG_WARN_ENUM_CONVERSION = YES;
				CLANG_WARN_INT_CONVERSION = YES;
				CLANG_WARN_OBJC_ROOT_CLASS = YES_ERROR;
				CLANG_WARN_UNREACHABLE_CODE = YES;
				CLANG_WARN__DUPLICATE_METHOD_MATCH = YES;
				"CODE_SIGN_IDENTITY[sdk=iphoneos*]" = "iPhone Developer";
				COPY_PHASE_STRIP = NO;
				DEBUG_INFORMATION_FORMAT = "dwarf-with-dsym";
				ENABLE_NS_ASSERTIONS = NO;
				ENABLE_STRICT_OBJC_MSGSEND = YES;
				GCC_C_LANGUAGE_STANDARD = gnu99;
				GCC_NO_COMMON_BLOCKS = YES;
				GCC_WARN_64_TO_32_BIT_CONVERSION = YES;
				GCC_WARN_ABOUT_RETURN_TYPE = YES_ERROR;
				GCC_WARN_UNDECLARED_SELECTOR = YES;
				GCC_WARN_UNINITIALIZED_AUTOS = YES_AGGRESSIVE;
				GCC_WARN_UNUSED_FUNCTION = YES;
				GCC_WARN_UNUSED_VARIABLE = YES;
				IPHONEOS_DEPLOYMENT_TARGET = 9.1;
				MTL_ENABLE_DEBUG_INFO = NO;
				SDKROOT = iphoneos;
				VALIDATE_PRODUCT = YES;
			};
			name = Release;
		};
		5208A7C81BE7F81600CB4437 /* Debug */ = {
			isa = XCBuildConfiguration;
			buildSettings = {
				ASSETCATALOG_COMPILER_APPICON_NAME = AppIcon;
				CODE_SIGN_IDENTITY = "iPhone Developer";
				"CODE_SIGN_IDENTITY[sdk=iphoneos*]" = "iPhone Developer";
				INFOPLIST_FILE = Voltage/Info.plist;
				LD_RUNPATH_SEARCH_PATHS = "$(inherited) @executable_path/Frameworks";
				PRODUCT_BUNDLE_IDENTIFIER = "ron.gerschel-gmail.com";
				PRODUCT_NAME = "$(TARGET_NAME)";
				PROVISIONING_PROFILE = "";
				TARGETED_DEVICE_FAMILY = "1,2";
			};
			name = Debug;
		};
		5208A7C91BE7F81600CB4437 /* Release */ = {
			isa = XCBuildConfiguration;
			buildSettings = {
				ASSETCATALOG_COMPILER_APPICON_NAME = AppIcon;
				CODE_SIGN_IDENTITY = "iPhone Developer";
				"CODE_SIGN_IDENTITY[sdk=iphoneos*]" = "iPhone Developer";
				INFOPLIST_FILE = Voltage/Info.plist;
				LD_RUNPATH_SEARCH_PATHS = "$(inherited) @executable_path/Frameworks";
				PRODUCT_BUNDLE_IDENTIFIER = "ron.gerschel-gmail.com";
				PRODUCT_NAME = "$(TARGET_NAME)";
				PROVISIONING_PROFILE = "";
				TARGETED_DEVICE_FAMILY = "1,2";
			};
			name = Release;
		};
		5208A7CB1BE7F81600CB4437 /* Debug */ = {
			isa = XCBuildConfiguration;
			buildSettings = {
				BUNDLE_LOADER = "$(TEST_HOST)";
				INFOPLIST_FILE = VoltageTests/Info.plist;
				LD_RUNPATH_SEARCH_PATHS = "$(inherited) @executable_path/Frameworks @loader_path/Frameworks";
				PRODUCT_BUNDLE_IDENTIFIER = self.edu.volt.VoltageTests;
				PRODUCT_NAME = "$(TARGET_NAME)";
				TEST_HOST = "$(BUILT_PRODUCTS_DIR)/Voltage.app/Voltage";
			};
			name = Debug;
		};
		5208A7CC1BE7F81600CB4437 /* Release */ = {
			isa = XCBuildConfiguration;
			buildSettings = {
				BUNDLE_LOADER = "$(TEST_HOST)";
				INFOPLIST_FILE = VoltageTests/Info.plist;
				LD_RUNPATH_SEARCH_PATHS = "$(inherited) @executable_path/Frameworks @loader_path/Frameworks";
				PRODUCT_BUNDLE_IDENTIFIER = self.edu.volt.VoltageTests;
				PRODUCT_NAME = "$(TARGET_NAME)";
				TEST_HOST = "$(BUILT_PRODUCTS_DIR)/Voltage.app/Voltage";
			};
			name = Release;
		};
		5208A7CE1BE7F81600CB4437 /* Debug */ = {
			isa = XCBuildConfiguration;
			buildSettings = {
				INFOPLIST_FILE = VoltageUITests/Info.plist;
				LD_RUNPATH_SEARCH_PATHS = "$(inherited) @executable_path/Frameworks @loader_path/Frameworks";
				PRODUCT_BUNDLE_IDENTIFIER = self.edu.volt.VoltageUITests;
				PRODUCT_NAME = "$(TARGET_NAME)";
				TEST_TARGET_NAME = Voltage;
				USES_XCTRUNNER = YES;
			};
			name = Debug;
		};
		5208A7CF1BE7F81600CB4437 /* Release */ = {
			isa = XCBuildConfiguration;
			buildSettings = {
				INFOPLIST_FILE = VoltageUITests/Info.plist;
				LD_RUNPATH_SEARCH_PATHS = "$(inherited) @executable_path/Frameworks @loader_path/Frameworks";
				PRODUCT_BUNDLE_IDENTIFIER = self.edu.volt.VoltageUITests;
				PRODUCT_NAME = "$(TARGET_NAME)";
				TEST_TARGET_NAME = Voltage;
				USES_XCTRUNNER = YES;
			};
			name = Release;
		};
/* End XCBuildConfiguration section */

/* Begin XCConfigurationList section */
		5208A79A1BE7F81500CB4437 /* Build configuration list for PBXProject "Voltage" */ = {
			isa = XCConfigurationList;
			buildConfigurations = (
				5208A7C51BE7F81600CB4437 /* Debug */,
				5208A7C61BE7F81600CB4437 /* Release */,
			);
			defaultConfigurationIsVisible = 0;
			defaultConfigurationName = Release;
		};
		5208A7C71BE7F81600CB4437 /* Build configuration list for PBXNativeTarget "Voltage" */ = {
			isa = XCConfigurationList;
			buildConfigurations = (
				5208A7C81BE7F81600CB4437 /* Debug */,
				5208A7C91BE7F81600CB4437 /* Release */,
			);
			defaultConfigurationIsVisible = 0;
			defaultConfigurationName = Release;
		};
		5208A7CA1BE7F81600CB4437 /* Build configuration list for PBXNativeTarget "VoltageTests" */ = {
			isa = XCConfigurationList;
			buildConfigurations = (
				5208A7CB1BE7F81600CB4437 /* Debug */,
				5208A7CC1BE7F81600CB4437 /* Release */,
			);
			defaultConfigurationIsVisible = 0;
			defaultConfigurationName = Release;
		};
		5208A7CD1BE7F81600CB4437 /* Build configuration list for PBXNativeTarget "VoltageUITests" */ = {
			isa = XCConfigurationList;
			buildConfigurations = (
				5208A7CE1BE7F81600CB4437 /* Debug */,
				5208A7CF1BE7F81600CB4437 /* Release */,
			);
			defaultConfigurationIsVisible = 0;
			defaultConfigurationName = Release;
		};
/* End XCConfigurationList section */
	};
	rootObject = 5208A7971BE7F81500CB4437 /* Project object */;
}
